// !$*UTF8*$!
{
	archiveVersion = 1;
	classes = {
	};
	objectVersion = 77;
	objects = {

/* Begin PBXContainerItemProxy section */
		13E2E6F22D1BDE7600AFDB94 /* PBXContainerItemProxy */ = {
			isa = PBXContainerItemProxy;
			containerPortal = 13E2E6D32D1BDE7500AFDB94 /* Project object */;
			proxyType = 1;
			remoteGlobalIDString = 13E2E6DA2D1BDE7500AFDB94;
			remoteInfo = "CodePath Pre-Work";
		};
		13E2E6FC2D1BDE7600AFDB94 /* PBXContainerItemProxy */ = {
			isa = PBXContainerItemProxy;
			containerPortal = 13E2E6D32D1BDE7500AFDB94 /* Project object */;
			proxyType = 1;
			remoteGlobalIDString = 13E2E6DA2D1BDE7500AFDB94;
			remoteInfo = "CodePath Pre-Work";
		};
/* End PBXContainerItemProxy section */

/* Begin PBXFileReference section */
		13E2E6DB2D1BDE7500AFDB94 /* CodePath Pre-Work.app */ = {isa = PBXFileReference; explicitFileType = wrapper.application; includeInIndex = 0; path = "CodePath Pre-Work.app"; sourceTree = BUILT_PRODUCTS_DIR; };
		13E2E6F12D1BDE7600AFDB94 /* CodePath Pre-WorkTests.xctest */ = {isa = PBXFileReference; explicitFileType = wrapper.cfbundle; includeInIndex = 0; path = "CodePath Pre-WorkTests.xctest"; sourceTree = BUILT_PRODUCTS_DIR; };
		13E2E6FB2D1BDE7600AFDB94 /* CodePath Pre-WorkUITests.xctest */ = {isa = PBXFileReference; explicitFileType = wrapper.cfbundle; includeInIndex = 0; path = "CodePath Pre-WorkUITests.xctest"; sourceTree = BUILT_PRODUCTS_DIR; };
/* End PBXFileReference section */

/* Begin PBXFileSystemSynchronizedBuildFileExceptionSet section */
		13E2E7032D1BDE7600AFDB94 /* Exceptions for "CodePath Pre-Work" folder in "CodePath Pre-Work" target */ = {
			isa = PBXFileSystemSynchronizedBuildFileExceptionSet;
			membershipExceptions = (
				Info.plist,
			);
			target = 13E2E6DA2D1BDE7500AFDB94 /* CodePath Pre-Work */;
		};
/* End PBXFileSystemSynchronizedBuildFileExceptionSet section */

/* Begin PBXFileSystemSynchronizedRootGroup section */
		13E2E6DD2D1BDE7500AFDB94 /* CodePath Pre-Work */ = {
			isa = PBXFileSystemSynchronizedRootGroup;
			exceptions = (
				13E2E7032D1BDE7600AFDB94 /* Exceptions for "CodePath Pre-Work" folder in "CodePath Pre-Work" target */,
			);
			path = "CodePath Pre-Work";
			sourceTree = "<group>";
		};
		13E2E6F42D1BDE7600AFDB94 /* CodePath Pre-WorkTests */ = {
			isa = PBXFileSystemSynchronizedRootGroup;
			path = "CodePath Pre-WorkTests";
			sourceTree = "<group>";
		};
		13E2E6FE2D1BDE7600AFDB94 /* CodePath Pre-WorkUITests */ = {
			isa = PBXFileSystemSynchronizedRootGroup;
			path = "CodePath Pre-WorkUITests";
			sourceTree = "<group>";
		};
/* End PBXFileSystemSynchronizedRootGroup section */

/* Begin PBXFrameworksBuildPhase section */
		13E2E6D82D1BDE7500AFDB94 /* Frameworks */ = {
			isa = PBXFrameworksBuildPhase;
			buildActionMask = 2147483647;
			files = (
			);
			runOnlyForDeploymentPostprocessing = 0;
		};
		13E2E6EE2D1BDE7600AFDB94 /* Frameworks */ = {
			isa = PBXFrameworksBuildPhase;
			buildActionMask = 2147483647;
			files = (
			);
			runOnlyForDeploymentPostprocessing = 0;
		};
		13E2E6F82D1BDE7600AFDB94 /* Frameworks */ = {
			isa = PBXFrameworksBuildPhase;
			buildActionMask = 2147483647;
			files = (
			);
			runOnlyForDeploymentPostprocessing = 0;
		};
/* End PBXFrameworksBuildPhase section */

/* Begin PBXGroup section */
		13E2E6D22D1BDE7500AFDB94 = {
			isa = PBXGroup;
			children = (
				13E2E6DD2D1BDE7500AFDB94 /* CodePath Pre-Work */,
				13E2E6F42D1BDE7600AFDB94 /* CodePath Pre-WorkTests */,
				13E2E6FE2D1BDE7600AFDB94 /* CodePath Pre-WorkUITests */,
				13E2E6DC2D1BDE7500AFDB94 /* Products */,
			);
			sourceTree = "<group>";
		};
		13E2E6DC2D1BDE7500AFDB94 /* Products */ = {
			isa = PBXGroup;
			children = (
				13E2E6DB2D1BDE7500AFDB94 /* CodePath Pre-Work.app */,
				13E2E6F12D1BDE7600AFDB94 /* CodePath Pre-WorkTests.xctest */,
				13E2E6FB2D1BDE7600AFDB94 /* CodePath Pre-WorkUITests.xctest */,
			);
			name = Products;
			sourceTree = "<group>";
		};
/* End PBXGroup section */

/* Begin PBXNativeTarget section */
		13E2E6DA2D1BDE7500AFDB94 /* CodePath Pre-Work */ = {
			isa = PBXNativeTarget;
			buildConfigurationList = 13E2E7042D1BDE7600AFDB94 /* Build configuration list for PBXNativeTarget "CodePath Pre-Work" */;
			buildPhases = (
				13E2E6D72D1BDE7500AFDB94 /* Sources */,
				13E2E6D82D1BDE7500AFDB94 /* Frameworks */,
				13E2E6D92D1BDE7500AFDB94 /* Resources */,
			);
			buildRules = (
			);
			dependencies = (
			);
			fileSystemSynchronizedGroups = (
				13E2E6DD2D1BDE7500AFDB94 /* CodePath Pre-Work */,
			);
			name = "CodePath Pre-Work";
			packageProductDependencies = (
			);
			productName = "CodePath Pre-Work";
			productReference = 13E2E6DB2D1BDE7500AFDB94 /* CodePath Pre-Work.app */;
			productType = "com.apple.product-type.application";
		};
		13E2E6F02D1BDE7600AFDB94 /* CodePath Pre-WorkTests */ = {
			isa = PBXNativeTarget;
			buildConfigurationList = 13E2E7092D1BDE7600AFDB94 /* Build configuration list for PBXNativeTarget "CodePath Pre-WorkTests" */;
			buildPhases = (
				13E2E6ED2D1BDE7600AFDB94 /* Sources */,
				13E2E6EE2D1BDE7600AFDB94 /* Frameworks */,
				13E2E6EF2D1BDE7600AFDB94 /* Resources */,
			);
			buildRules = (
			);
			dependencies = (
				13E2E6F32D1BDE7600AFDB94 /* PBXTargetDependency */,
			);
			fileSystemSynchronizedGroups = (
				13E2E6F42D1BDE7600AFDB94 /* CodePath Pre-WorkTests */,
			);
			name = "CodePath Pre-WorkTests";
			packageProductDependencies = (
			);
			productName = "CodePath Pre-WorkTests";
			productReference = 13E2E6F12D1BDE7600AFDB94 /* CodePath Pre-WorkTests.xctest */;
			productType = "com.apple.product-type.bundle.unit-test";
		};
		13E2E6FA2D1BDE7600AFDB94 /* CodePath Pre-WorkUITests */ = {
			isa = PBXNativeTarget;
			buildConfigurationList = 13E2E70C2D1BDE7600AFDB94 /* Build configuration list for PBXNativeTarget "CodePath Pre-WorkUITests" */;
			buildPhases = (
				13E2E6F72D1BDE7600AFDB94 /* Sources */,
				13E2E6F82D1BDE7600AFDB94 /* Frameworks */,
				13E2E6F92D1BDE7600AFDB94 /* Resources */,
			);
			buildRules = (
			);
			dependencies = (
				13E2E6FD2D1BDE7600AFDB94 /* PBXTargetDependency */,
			);
			fileSystemSynchronizedGroups = (
				13E2E6FE2D1BDE7600AFDB94 /* CodePath Pre-WorkUITests */,
			);
			name = "CodePath Pre-WorkUITests";
			packageProductDependencies = (
			);
			productName = "CodePath Pre-WorkUITests";
			productReference = 13E2E6FB2D1BDE7600AFDB94 /* CodePath Pre-WorkUITests.xctest */;
			productType = "com.apple.product-type.bundle.ui-testing";
		};
/* End PBXNativeTarget section */

/* Begin PBXProject section */
		13E2E6D32D1BDE7500AFDB94 /* Project object */ = {
			isa = PBXProject;
			attributes = {
				BuildIndependentTargetsInParallel = 1;
				LastSwiftUpdateCheck = 1620;
				LastUpgradeCheck = 1620;
				TargetAttributes = {
					13E2E6DA2D1BDE7500AFDB94 = {
						CreatedOnToolsVersion = 16.2;
					};
					13E2E6F02D1BDE7600AFDB94 = {
						CreatedOnToolsVersion = 16.2;
						TestTargetID = 13E2E6DA2D1BDE7500AFDB94;
					};
					13E2E6FA2D1BDE7600AFDB94 = {
						CreatedOnToolsVersion = 16.2;
						TestTargetID = 13E2E6DA2D1BDE7500AFDB94;
					};
				};
			};
			buildConfigurationList = 13E2E6D62D1BDE7500AFDB94 /* Build configuration list for PBXProject "CodePath Pre-Work" */;
			developmentRegion = en;
			hasScannedForEncodings = 0;
			knownRegions = (
				en,
				Base,
			);
			mainGroup = 13E2E6D22D1BDE7500AFDB94;
			minimizedProjectReferenceProxies = 1;
			preferredProjectObjectVersion = 77;
			productRefGroup = 13E2E6DC2D1BDE7500AFDB94 /* Products */;
			projectDirPath = "";
			projectRoot = "";
			targets = (
				13E2E6DA2D1BDE7500AFDB94 /* CodePath Pre-Work */,
				13E2E6F02D1BDE7600AFDB94 /* CodePath Pre-WorkTests */,
				13E2E6FA2D1BDE7600AFDB94 /* CodePath Pre-WorkUITests */,
			);
		};
/* End PBXProject section */

/* Begin PBXResourcesBuildPhase section */
		13E2E6D92D1BDE7500AFDB94 /* Resources */ = {
			isa = PBXResourcesBuildPhase;
			buildActionMask = 2147483647;
			files = (
			);
			runOnlyForDeploymentPostprocessing = 0;
		};
		13E2E6EF2D1BDE7600AFDB94 /* Resources */ = {
			isa = PBXResourcesBuildPhase;
			buildActionMask = 2147483647;
			files = (
			);
			runOnlyForDeploymentPostprocessing = 0;
		};
		13E2E6F92D1BDE7600AFDB94 /* Resources */ = {
			isa = PBXResourcesBuildPhase;
			buildActionMask = 2147483647;
			files = (
			);
			runOnlyForDeploymentPostprocessing = 0;
		};
/* End PBXResourcesBuildPhase section */

/* Begin PBXSourcesBuildPhase section */
		13E2E6D72D1BDE7500AFDB94 /* Sources */ = {
			isa = PBXSourcesBuildPhase;
			buildActionMask = 2147483647;
			files = (
			);
			runOnlyForDeploymentPostprocessing = 0;
		};
		13E2E6ED2D1BDE7600AFDB94 /* Sources */ = {
			isa = PBXSourcesBuildPhase;
			buildActionMask = 2147483647;
			files = (
			);
			runOnlyForDeploymentPostprocessing = 0;
		};
		13E2E6F72D1BDE7600AFDB94 /* Sources */ = {
			isa = PBXSourcesBuildPhase;
			buildActionMask = 2147483647;
			files = (
			);
			runOnlyForDeploymentPostprocessing = 0;
		};
/* End PBXSourcesBuildPhase section */

/* Begin PBXTargetDependency section */
		13E2E6F32D1BDE7600AFDB94 /* PBXTargetDependency */ = {
			isa = PBXTargetDependency;
			target = 13E2E6DA2D1BDE7500AFDB94 /* CodePath Pre-Work */;
			targetProxy = 13E2E6F22D1BDE7600AFDB94 /* PBXContainerItemProxy */;
		};
		13E2E6FD2D1BDE7600AFDB94 /* PBXTargetDependency */ = {
			isa = PBXTargetDependency;
			target = 13E2E6DA2D1BDE7500AFDB94 /* CodePath Pre-Work */;
			targetProxy = 13E2E6FC2D1BDE7600AFDB94 /* PBXContainerItemProxy */;
		};
/* End PBXTargetDependency section */

/* Begin XCBuildConfiguration section */
		13E2E7052D1BDE7600AFDB94 /* Debug */ = {
			isa = XCBuildConfiguration;
			buildSettings = {
				ASSETCATALOG_COMPILER_APPICON_NAME = AppIcon;
				ASSETCATALOG_COMPILER_GLOBAL_ACCENT_COLOR_NAME = AccentColor;
				CODE_SIGN_STYLE = Automatic;
				CURRENT_PROJECT_VERSION = 1;
				GENERATE_INFOPLIST_FILE = YES;
				INFOPLIST_FILE = "CodePath Pre-Work/Info.plist";
				INFOPLIST_KEY_UIApplicationSupportsIndirectInputEvents = YES;
				INFOPLIST_KEY_UILaunchStoryboardName = LaunchScreen;
				INFOPLIST_KEY_UIMainStoryboardFile = Main;
				INFOPLIST_KEY_UISupportedInterfaceOrientations_iPad = "UIInterfaceOrientationPortrait UIInterfaceOrientationPortraitUpsideDown UIInterfaceOrientationLandscapeLeft UIInterfaceOrientationLandscapeRight";
				INFOPLIST_KEY_UISupportedInterfaceOrientations_iPhone = "UIInterfaceOrientationPortrait UIInterfaceOrientationLandscapeLeft UIInterfaceOrientationLandscapeRight";
				LD_RUNPATH_SEARCH_PATHS = (
					"$(inherited)",
					"@executable_path/Frameworks",
				);
				MARKETING_VERSION = 1.0;
				PRODUCT_BUNDLE_IDENTIFIER = "CodePath.CodePath-Pre-Work";
				PRODUCT_NAME = "$(TARGET_NAME)";
				SWIFT_EMIT_LOC_STRINGS = YES;
				SWIFT_VERSION = 5.0;
				TARGETED_DEVICE_FAMILY = "1,2";
			};
			name = Debug;
		};
		13E2E7062D1BDE7600AFDB94 /* Release */ = {
			isa = XCBuildConfiguration;
			buildSettings = {
				ASSETCATALOG_COMPILER_APPICON_NAME = AppIcon;
				ASSETCATALOG_COMPILER_GLOBAL_ACCENT_COLOR_NAME = AccentColor;
				CODE_SIGN_STYLE = Automatic;
				CURRENT_PROJECT_VERSION = 1;
				GENERATE_INFOPLIST_FILE = YES;
				INFOPLIST_FILE = "CodePath Pre-Work/Info.plist";
				INFOPLIST_KEY_UIApplicationSupportsIndirectInputEvents = YES;
				INFOPLIST_KEY_UILaunchStoryboardName = LaunchScreen;
				INFOPLIST_KEY_UIMainStoryboardFile = Main;
				INFOPLIST_KEY_UISupportedInterfaceOrientations_iPad = "UIInterfaceOrientationPortrait UIInterfaceOrientationPortraitUpsideDown UIInterfaceOrientationLandscapeLeft UIInterfaceOrientationLandscapeRight";
				INFOPLIST_KEY_UISupportedInterfaceOrientations_iPhone = "UIInterfaceOrientationPortrait UIInterfaceOrientationLandscapeLeft UIInterfaceOrientationLandscapeRight";
				LD_RUNPATH_SEARCH_PATHS = (
					"$(inherited)",
					"@executable_path/Frameworks",
				);
				MARKETING_VERSION = 1.0;
				PRODUCT_BUNDLE_IDENTIFIER = "CodePath.CodePath-Pre-Work";
				PRODUCT_NAME = "$(TARGET_NAME)";
				SWIFT_EMIT_LOC_STRINGS = YES;
				SWIFT_VERSION = 5.0;
				TARGETED_DEVICE_FAMILY = "1,2";
			};
			name = Release;
		};
		13E2E7072D1BDE7600AFDB94 /* Debug */ = {
			isa = XCBuildConfiguration;
			buildSettings = {
				ALWAYS_SEARCH_USER_PATHS = NO;
				ASSETCATALOG_COMPILER_GENERATE_SWIFT_ASSET_SYMBOL_EXTENSIONS = YES;
				CLANG_ANALYZER_NONNULL = YES;
				CLANG_ANALYZER_NUMBER_OBJECT_CONVERSION = YES_AGGRESSIVE;
				CLANG_CXX_LANGUAGE_STANDARD = "gnu++20";
				CLANG_ENABLE_MODULES = YES;
				CLANG_ENABLE_OBJC_ARC = YES;
				CLANG_ENABLE_OBJC_WEAK = YES;
				CLANG_WARN_BLOCK_CAPTURE_AUTORELEASING = YES;
				CLANG_WARN_BOOL_CONVERSION = YES;
				CLANG_WARN_COMMA = YES;
				CLANG_WARN_CONSTANT_CONVERSION = YES;
				CLANG_WARN_DEPRECATED_OBJC_IMPLEMENTATIONS = YES;
				CLANG_WARN_DIRECT_OBJC_ISA_USAGE = YES_ERROR;
				CLANG_WARN_DOCUMENTATION_COMMENTS = YES;
				CLANG_WARN_EMPTY_BODY = YES;
				CLANG_WARN_ENUM_CONVERSION = YES;
				CLANG_WARN_INFINITE_RECURSION = YES;
				CLANG_WARN_INT_CONVERSION = YES;
				CLANG_WARN_NON_LITERAL_NULL_CONVERSION = YES;
				CLANG_WARN_OBJC_IMPLICIT_RETAIN_SELF = YES;
				CLANG_WARN_OBJC_LITERAL_CONVERSION = YES;
				CLANG_WARN_OBJC_ROOT_CLASS = YES_ERROR;
				CLANG_WARN_QUOTED_INCLUDE_IN_FRAMEWORK_HEADER = YES;
				CLANG_WARN_RANGE_LOOP_ANALYSIS = YES;
				CLANG_WARN_STRICT_PROTOTYPES = YES;
				CLANG_WARN_SUSPICIOUS_MOVE = YES;
				CLANG_WARN_UNGUARDED_AVAILABILITY = YES_AGGRESSIVE;
				CLANG_WARN_UNREACHABLE_CODE = YES;
				CLANG_WARN__DUPLICATE_METHOD_MATCH = YES;
				COPY_PHASE_STRIP = NO;
				DEBUG_INFORMATION_FORMAT = dwarf;
				ENABLE_STRICT_OBJC_MSGSEND = YES;
				ENABLE_TESTABILITY = YES;
				ENABLE_USER_SCRIPT_SANDBOXING = YES;
				GCC_C_LANGUAGE_STANDARD = gnu17;
				GCC_DYNAMIC_NO_PIC = NO;
				GCC_NO_COMMON_BLOCKS = YES;
				GCC_OPTIMIZATION_LEVEL = 0;
				GCC_PREPROCESSOR_DEFINITIONS = (
					"DEBUG=1",
					"$(inherited)",
				);
				GCC_WARN_64_TO_32_BIT_CONVERSION = YES;
				GCC_WARN_ABOUT_RETURN_TYPE = YES_ERROR;
				GCC_WARN_UNDECLARED_SELECTOR = YES;
				GCC_WARN_UNINITIALIZED_AUTOS = YES_AGGRESSIVE;
				GCC_WARN_UNUSED_FUNCTION = YES;
				GCC_WARN_UNUSED_VARIABLE = YES;
				IPHONEOS_DEPLOYMENT_TARGET = 18.2;
				LOCALIZATION_PREFERS_STRING_CATALOGS = YES;
				MTL_ENABLE_DEBUG_INFO = INCLUDE_SOURCE;
				MTL_FAST_MATH = YES;
				ONLY_ACTIVE_ARCH = YES;
				SDKROOT = iphoneos;
				SWIFT_ACTIVE_COMPILATION_CONDITIONS = "DEBUG $(inherited)";
				SWIFT_OPTIMIZATION_LEVEL = "-Onone";
			};
			name = Debug;
		};
		13E2E7082D1BDE7600AFDB94 /* Release */ = {
			isa = XCBuildConfiguration;
			buildSettings = {
				ALWAYS_SEARCH_USER_PATHS = NO;
				ASSETCATALOG_COMPILER_GENERATE_SWIFT_ASSET_SYMBOL_EXTENSIONS = YES;
				CLANG_ANALYZER_NONNULL = YES;
				CLANG_ANALYZER_NUMBER_OBJECT_CONVERSION = YES_AGGRESSIVE;
				CLANG_CXX_LANGUAGE_STANDARD = "gnu++20";
				CLANG_ENABLE_MODULES = YES;
				CLANG_ENABLE_OBJC_ARC = YES;
				CLANG_ENABLE_OBJC_WEAK = YES;
				CLANG_WARN_BLOCK_CAPTURE_AUTORELEASING = YES;
				CLANG_WARN_BOOL_CONVERSION = YES;
				CLANG_WARN_COMMA = YES;
				CLANG_WARN_CONSTANT_CONVERSION = YES;
				CLANG_WARN_DEPRECATED_OBJC_IMPLEMENTATIONS = YES;
				CLANG_WARN_DIRECT_OBJC_ISA_USAGE = YES_ERROR;
				CLANG_WARN_DOCUMENTATION_COMMENTS = YES;
				CLANG_WARN_EMPTY_BODY = YES;
				CLANG_WARN_ENUM_CONVERSION = YES;
				CLANG_WARN_INFINITE_RECURSION = YES;
				CLANG_WARN_INT_CONVERSION = YES;
				CLANG_WARN_NON_LITERAL_NULL_CONVERSION = YES;
				CLANG_WARN_OBJC_IMPLICIT_RETAIN_SELF = YES;
				CLANG_WARN_OBJC_LITERAL_CONVERSION = YES;
				CLANG_WARN_OBJC_ROOT_CLASS = YES_ERROR;
				CLANG_WARN_QUOTED_INCLUDE_IN_FRAMEWORK_HEADER = YES;
				CLANG_WARN_RANGE_LOOP_ANALYSIS = YES;
				CLANG_WARN_STRICT_PROTOTYPES = YES;
				CLANG_WARN_SUSPICIOUS_MOVE = YES;
				CLANG_WARN_UNGUARDED_AVAILABILITY = YES_AGGRESSIVE;
				CLANG_WARN_UNREACHABLE_CODE = YES;
				CLANG_WARN__DUPLICATE_METHOD_MATCH = YES;
				COPY_PHASE_STRIP = NO;
				DEBUG_INFORMATION_FORMAT = "dwarf-with-dsym";
				ENABLE_NS_ASSERTIONS = NO;
				ENABLE_STRICT_OBJC_MSGSEND = YES;
				ENABLE_USER_SCRIPT_SANDBOXING = YES;
				GCC_C_LANGUAGE_STANDARD = gnu17;
				GCC_NO_COMMON_BLOCKS = YES;
				GCC_WARN_64_TO_32_BIT_CONVERSION = YES;
				GCC_WARN_ABOUT_RETURN_TYPE = YES_ERROR;
				GCC_WARN_UNDECLARED_SELECTOR = YES;
				GCC_WARN_UNINITIALIZED_AUTOS = YES_AGGRESSIVE;
				GCC_WARN_UNUSED_FUNCTION = YES;
				GCC_WARN_UNUSED_VARIABLE = YES;
				IPHONEOS_DEPLOYMENT_TARGET = 18.2;
				LOCALIZATION_PREFERS_STRING_CATALOGS = YES;
				MTL_ENABLE_DEBUG_INFO = NO;
				MTL_FAST_MATH = YES;
				SDKROOT = iphoneos;
				SWIFT_COMPILATION_MODE = wholemodule;
				VALIDATE_PRODUCT = YES;
			};
			name = Release;
		};
		13E2E70A2D1BDE7600AFDB94 /* Debug */ = {
			isa = XCBuildConfiguration;
			buildSettings = {
				BUNDLE_LOADER = "$(TEST_HOST)";
				CODE_SIGN_STYLE = Automatic;
				CURRENT_PROJECT_VERSION = 1;
				GENERATE_INFOPLIST_FILE = YES;
				IPHONEOS_DEPLOYMENT_TARGET = 18.2;
				MARKETING_VERSION = 1.0;
				PRODUCT_BUNDLE_IDENTIFIER = "CodePath.CodePath-Pre-WorkTests";
				PRODUCT_NAME = "$(TARGET_NAME)";
				SWIFT_EMIT_LOC_STRINGS = NO;
				SWIFT_VERSION = 5.0;
				TARGETED_DEVICE_FAMILY = "1,2";
				TEST_HOST = "$(BUILT_PRODUCTS_DIR)/CodePath Pre-Work.app/$(BUNDLE_EXECUTABLE_FOLDER_PATH)/CodePath Pre-Work";
			};
			name = Debug;
		};
		13E2E70B2D1BDE7600AFDB94 /* Release */ = {
			isa = XCBuildConfiguration;
			buildSettings = {
				BUNDLE_LOADER = "$(TEST_HOST)";
				CODE_SIGN_STYLE = Automatic;
				CURRENT_PROJECT_VERSION = 1;
				GENERATE_INFOPLIST_FILE = YES;
				IPHONEOS_DEPLOYMENT_TARGET = 18.2;
				MARKETING_VERSION = 1.0;
				PRODUCT_BUNDLE_IDENTIFIER = "CodePath.CodePath-Pre-WorkTests";
				PRODUCT_NAME = "$(TARGET_NAME)";
				SWIFT_EMIT_LOC_STRINGS = NO;
				SWIFT_VERSION = 5.0;
				TARGETED_DEVICE_FAMILY = "1,2";
				TEST_HOST = "$(BUILT_PRODUCTS_DIR)/CodePath Pre-Work.app/$(BUNDLE_EXECUTABLE_FOLDER_PATH)/CodePath Pre-Work";
			};
			name = Release;
		};
		13E2E70D2D1BDE7600AFDB94 /* Debug */ = {
			isa = XCBuildConfiguration;
			buildSettings = {
				CODE_SIGN_STYLE = Automatic;
				CURRENT_PROJECT_VERSION = 1;
				GENERATE_INFOPLIST_FILE = YES;
				MARKETING_VERSION = 1.0;
				PRODUCT_BUNDLE_IDENTIFIER = "CodePath.CodePath-Pre-WorkUITests";
				PRODUCT_NAME = "$(TARGET_NAME)";
				SWIFT_EMIT_LOC_STRINGS = NO;
				SWIFT_VERSION = 5.0;
				TARGETED_DEVICE_FAMILY = "1,2";
				TEST_TARGET_NAME = "CodePath Pre-Work";
			};
			name = Debug;
		};
		13E2E70E2D1BDE7600AFDB94 /* Release */ = {
			isa = XCBuildConfiguration;
			buildSettings = {
				CODE_SIGN_STYLE = Automatic;
				CURRENT_PROJECT_VERSION = 1;
				GENERATE_INFOPLIST_FILE = YES;
				MARKETING_VERSION = 1.0;
				PRODUCT_BUNDLE_IDENTIFIER = "CodePath.CodePath-Pre-WorkUITests";
				PRODUCT_NAME = "$(TARGET_NAME)";
				SWIFT_EMIT_LOC_STRINGS = NO;
				SWIFT_VERSION = 5.0;
				TARGETED_DEVICE_FAMILY = "1,2";
				TEST_TARGET_NAME = "CodePath Pre-Work";
			};
			name = Release;
		};
/* End XCBuildConfiguration section */

/* Begin XCConfigurationList section */
		13E2E6D62D1BDE7500AFDB94 /* Build configuration list for PBXProject "CodePath Pre-Work" */ = {
			isa = XCConfigurationList;
			buildConfigurations = (
				13E2E7072D1BDE7600AFDB94 /* Debug */,
				13E2E7082D1BDE7600AFDB94 /* Release */,
			);
			defaultConfigurationIsVisible = 0;
			defaultConfigurationName = Release;
		};
		13E2E7042D1BDE7600AFDB94 /* Build configuration list for PBXNativeTarget "CodePath Pre-Work" */ = {
			isa = XCConfigurationList;
			buildConfigurations = (
				13E2E7052D1BDE7600AFDB94 /* Debug */,
				13E2E7062D1BDE7600AFDB94 /* Release */,
			);
			defaultConfigurationIsVisible = 0;
			defaultConfigurationName = Release;
		};
		13E2E7092D1BDE7600AFDB94 /* Build configuration list for PBXNativeTarget "CodePath Pre-WorkTests" */ = {
			isa = XCConfigurationList;
			buildConfigurations = (
				13E2E70A2D1BDE7600AFDB94 /* Debug */,
				13E2E70B2D1BDE7600AFDB94 /* Release */,
			);
			defaultConfigurationIsVisible = 0;
			defaultConfigurationName = Release;
		};
		13E2E70C2D1BDE7600AFDB94 /* Build configuration list for PBXNativeTarget "CodePath Pre-WorkUITests" */ = {
			isa = XCConfigurationList;
			buildConfigurations = (
				13E2E70D2D1BDE7600AFDB94 /* Debug */,
				13E2E70E2D1BDE7600AFDB94 /* Release */,
			);
			defaultConfigurationIsVisible = 0;
			defaultConfigurationName = Release;
		};
/* End XCConfigurationList section */
	};
	rootObject = 13E2E6D32D1BDE7500AFDB94 /* Project object */;
}
